
Microsoft Visual Studio Solution File, Format Version 12.00
# Visual Studio Version 16
VisualStudioVersion = 16.0.31321.278
MinimumVisualStudioVersion = 10.0.40219.1
Project("{9A19103F-16F7-4668-BE54-9A1E7A4F7556}") = "AuditLog.API", "AuditLog.API\AuditLog.API.csproj", "{403D296D-8F13-4811-90F3-5E62945C6BBC}"
EndProject
Project("{2150E333-8FDC-42A3-9474-1A3956D46DE8}") = "Solution Items", "Solution Items", "{770A2730-F03A-4842-B60B-66CA2C6ACB46}"
	ProjectSection(SolutionItems) = preProject
		.editorconfig = .editorconfig
	EndProjectSection
EndProject
Project("{E53339B2-1760-4266-BCC7-CA923CBCF16C}") = "docker-compose", "docker-compose/docker-compose.dcproj", "{83F64E33-74AD-4320-BB83-6BCE4932637A}"
EndProject
Project("{2150E333-8FDC-42A3-9474-1A3956D46DE8}") = "Data", "Data", "{091A97BD-336C-42DF-82CA-17038AF08984}"
EndProject
Project("{FAE04EC0-301F-11D3-BF4B-00C04F79EFBC}") = "AuditLog.Data.MySql", "AuditLog.Data.MySql\AuditLog.Data.MySql.csproj", "{7933E2BE-148F-43E2-9EAE-ABDBDCD4F453}"
EndProject
Project("{2150E333-8FDC-42A3-9474-1A3956D46DE8}") = "DbSchemas", "DbSchemas", "{4727019E-C1A3-461D-A1DE-6E6BDBC86A38}"
ProjectSection(SolutionItems) = preProject
	DbSchemas\01_CreateSchema.sql = DbSchemas\01_CreateSchema.sql
	DbSchemas\Users.sql = DbSchemas\Users.sql
EndProjectSection
EndProject
Project("{FAE04EC0-301F-11D3-BF4B-00C04F79EFBC}") = "AuditLog.Services", "AuditLog.Services\AuditLog.Services.csproj", "{A7355BD8-7C1E-41CD-9EDC-D6D5B2024D3D}"
EndProject
Global
	GlobalSection(SolutionConfigurationPlatforms) = preSolution
		Debug|Any CPU = Debug|Any CPU
		Release|Any CPU = Release|Any CPU
	EndGlobalSection
	GlobalSection(ProjectConfigurationPlatforms) = postSolution
		{403D296D-8F13-4811-90F3-5E62945C6BBC}.Debug|Any CPU.ActiveCfg = Debug|Any CPU
		{403D296D-8F13-4811-90F3-5E62945C6BBC}.Debug|Any CPU.Build.0 = Debug|Any CPU
		{403D296D-8F13-4811-90F3-5E62945C6BBC}.Release|Any CPU.ActiveCfg = Release|Any CPU
		{403D296D-8F13-4811-90F3-5E62945C6BBC}.Release|Any CPU.Build.0 = Release|Any CPU
		{83F64E33-74AD-4320-BB83-6BCE4932637A}.Debug|Any CPU.ActiveCfg = Debug|Any CPU
		{83F64E33-74AD-4320-BB83-6BCE4932637A}.Debug|Any CPU.Build.0 = Debug|Any CPU
		{83F64E33-74AD-4320-BB83-6BCE4932637A}.Release|Any CPU.ActiveCfg = Release|Any CPU
		{83F64E33-74AD-4320-BB83-6BCE4932637A}.Release|Any CPU.Build.0 = Release|Any CPU
		{7933E2BE-148F-43E2-9EAE-ABDBDCD4F453}.Debug|Any CPU.ActiveCfg = Debug|Any CPU
		{7933E2BE-148F-43E2-9EAE-ABDBDCD4F453}.Debug|Any CPU.Build.0 = Debug|Any CPU
		{7933E2BE-148F-43E2-9EAE-ABDBDCD4F453}.Release|Any CPU.ActiveCfg = Release|Any CPU
		{7933E2BE-148F-43E2-9EAE-ABDBDCD4F453}.Release|Any CPU.Build.0 = Release|Any CPU
		{A7355BD8-7C1E-41CD-9EDC-D6D5B2024D3D}.Debug|Any CPU.ActiveCfg = Debug|Any CPU
		{A7355BD8-7C1E-41CD-9EDC-D6D5B2024D3D}.Debug|Any CPU.Build.0 = Debug|Any CPU
		{A7355BD8-7C1E-41CD-9EDC-D6D5B2024D3D}.Release|Any CPU.ActiveCfg = Release|Any CPU
		{A7355BD8-7C1E-41CD-9EDC-D6D5B2024D3D}.Release|Any CPU.Build.0 = Release|Any CPU
	EndGlobalSection
	GlobalSection(SolutionProperties) = preSolution
		HideSolutionNode = FALSE
	EndGlobalSection
	GlobalSection(ExtensibilityGlobals) = postSolution
		SolutionGuid = {C7DF21AA-9F95-4405-9FB1-8495A4ADEB4A}
	EndGlobalSection
	GlobalSection(NestedProjects) = preSolution
		{7933E2BE-148F-43E2-9EAE-ABDBDCD4F453} = {091A97BD-336C-42DF-82CA-17038AF08984}
	EndGlobalSection
EndGlobal
